{
  "name": "stylesheets",
  "version": "1.0.0",
  "lockfileVersion": 1,
  "requires": true,
  "dependencies": {
    "camel-case": {
      "version": "3.0.0",
      "resolved": "https://registry.npmjs.org/camel-case/-/camel-case-3.0.0.tgz",
      "integrity": "sha1-yjw2iKTpzzpM2nd9xNy8cTJJz3M=",
      "requires": {
        "no-case": "2.3.1",
        "upper-case": "1.1.3"
      }
    },
    "checkup": {
      "version": "1.3.0",
      "resolved": "https://registry.npmjs.org/checkup/-/checkup-1.3.0.tgz",
      "integrity": "sha1-04ACdv6l0PJH/8lRvnjIsC+ODXY="
    },
    "clean-css": {
      "version": "4.1.7",
      "resolved": "https://registry.npmjs.org/clean-css/-/clean-css-4.1.7.tgz",
      "integrity": "sha1-ua6k+FZ5iJzz6ui0A0nsTr390DI=",
      "requires": {
        "source-map": "0.5.6"
      }
    },
    "commander": {
      "version": "2.11.0",
      "resolved": "https://registry.npmjs.org/commander/-/commander-2.11.0.tgz",
      "integrity": "sha512-b0553uYA5YAEGgyYIGYROzKQ7X5RAqedkfjiZxwi0kL1g3bOaBNNZfYkzt/CL0umgD5wc9Jec2FbB98CjkMRvQ=="
    },
    "css-b64-images": {
      "version": "0.2.5",
      "resolved": "https://registry.npmjs.org/css-b64-images/-/css-b64-images-0.2.5.tgz",
      "integrity": "sha1-QgBdgyBLK0pdk7axpWRBM7WSegI="
    },
    "debug": {
      "version": "2.6.8",
      "resolved": "https://registry.npmjs.org/debug/-/debug-2.6.8.tgz",
      "integrity": "sha1-5zFTHKLt4n0YgiJCfaF4IdaP9Pw=",
      "requires": {
        "ms": "2.0.0"
      }
    },
    "execon": {
      "version": "1.2.9",
      "resolved": "https://registry.npmjs.org/execon/-/execon-1.2.9.tgz",
      "integrity": "sha1-bbETM9zIJPHxPnMX/tDZSi8mSR8="
    },
    "he": {
      "version": "1.1.1",
      "resolved": "https://registry.npmjs.org/he/-/he-1.1.1.tgz",
      "integrity": "sha1-k0EP0hsAlzUVH4howvJx80J+I/0="
    },
    "html-minifier": {
      "version": "3.5.3",
      "resolved": "https://registry.npmjs.org/html-minifier/-/html-minifier-3.5.3.tgz",
      "integrity": "sha512-iKRzQQDuTCsq0Ultbi/mfJJnR0D3AdZKTq966Gsp92xkmAPCV4Xi08qhJ0Dl3ZAWemSgJ7qZK+UsZc0gFqK6wg==",
      "requires": {
        "camel-case": "3.0.0",
        "clean-css": "4.1.7",
        "commander": "2.11.0",
        "he": "1.1.1",
        "ncname": "1.0.0",
        "param-case": "2.1.1",
        "relateurl": "0.2.7",
        "uglify-js": "3.0.27"
      }
    },
    "ischanged": {
      "version": "1.0.18",
      "resolved": "https://registry.npmjs.org/ischanged/-/ischanged-1.0.18.tgz",
      "integrity": "sha1-IFZ/pssBgcVrme2zz8GMrbGWYcQ=",
      "requires": {
        "checkup": "1.3.0",
        "debug": "2.6.8",
        "mkdirp": "0.5.1",
        "readjson": "1.1.3",
        "timem": "1.1.2",
        "writejson": "1.1.1"
      }
    },
    "lower-case": {
      "version": "1.1.4",
      "resolved": "https://registry.npmjs.org/lower-case/-/lower-case-1.1.4.tgz",
      "integrity": "sha1-miyr0bno4K6ZOkv31YdcOcQujqw="
    },
    "minify": {
      "version": "3.0.0",
      "resolved": "https://registry.npmjs.org/minify/-/minify-3.0.0.tgz",
      "integrity": "sha512-8U3YZt1cKHVBzw7xpyFdcq+HVjcHhjPOO/uOXq0PvmW6LQnI5dG7rq82jARoQ9lCfVMfxk7tpcBGNCygWGFP6Q==",
      "requires": {
        "clean-css": "4.1.7",
        "css-b64-images": "0.2.5",
        "debug": "2.6.8",
        "execon": "1.2.9",
        "html-minifier": "3.5.3",
        "tomas": "1.0.2",
        "try-catch": "1.0.0",
        "uglify-js": "3.0.27"
      }
    },
    "minimist": {
      "version": "0.0.8",
      "resolved": "https://registry.npmjs.org/minimist/-/minimist-0.0.8.tgz",
      "integrity": "sha1-hX/Kv8M5fSYluCKCYuhqp6ARsF0="
    },
    "mkdirp": {
      "version": "0.5.1",
      "resolved": "https://registry.npmjs.org/mkdirp/-/mkdirp-0.5.1.tgz",
      "integrity": "sha1-MAV0OOrGz3+MR2fzhkjWaX11yQM=",
      "requires": {
        "minimist": "0.0.8"
      }
    },
    "ms": {
      "version": "2.0.0",
      "resolved": "https://registry.npmjs.org/ms/-/ms-2.0.0.tgz",
      "integrity": "sha1-VgiurfwAvmwpAd9fmGF4jeDVl8g="
    },
    "ncname": {
      "version": "1.0.0",
      "resolved": "https://registry.npmjs.org/ncname/-/ncname-1.0.0.tgz",
      "integrity": "sha1-W1etGLHKCShk72Kwse2BlPODtxw=",
      "requires": {
        "xml-char-classes": "1.0.0"
      }
    },
    "no-case": {
      "version": "2.3.1",
      "resolved": "https://registry.npmjs.org/no-case/-/no-case-2.3.1.tgz",
      "integrity": "sha1-euuhxzpSGEJlVUt9wDuvcg34AIE=",
      "requires": {
        "lower-case": "1.1.4"
      }
    },
    "param-case": {
      "version": "2.1.1",
      "resolved": "https://registry.npmjs.org/param-case/-/param-case-2.1.1.tgz",
      "integrity": "sha1-35T9jPZTHs915r75oIWPvHK+Ikc=",
      "requires": {
        "no-case": "2.3.1"
      }
    },
    "readjson": {
      "version": "1.1.3",
      "resolved": "https://registry.npmjs.org/readjson/-/readjson-1.1.3.tgz",
      "integrity": "sha1-y0xpFVHG5P7mZ/UcKczi9c6kWTw=",
      "requires": {
        "try-catch": "1.0.0"
      }
    },
    "relateurl": {
      "version": "0.2.7",
      "resolved": "https://registry.npmjs.org/relateurl/-/relateurl-0.2.7.tgz",
      "integrity": "sha1-VNvzd+UUQKypCkzSdGANP/LYiKk="
    },
    "source-map": {
      "version": "0.5.6",
      "resolved": "https://registry.npmjs.org/source-map/-/source-map-0.5.6.tgz",
      "integrity": "sha1-dc449SvwczxafwwRjYEzSiu19BI="
    },
    "timem": {
      "version": "1.1.2",
      "resolved": "https://registry.npmjs.org/timem/-/timem-1.1.2.tgz",
      "integrity": "sha1-/pMAbCglOo2lxJKZMGmR+kzE9Aw="
    },
    "tomas": {
      "version": "1.0.2",
      "resolved": "https://registry.npmjs.org/tomas/-/tomas-1.0.2.tgz",
      "integrity": "sha1-0eR/zBfmFpd7hZ7x/+SXu53Tz2k=",
      "requires": {
        "checkup": "1.3.0",
        "execon": "1.2.9",
        "ischanged": "1.0.18",
        "mkdirp": "0.5.1"
      }
    },
    "try-catch": {
      "version": "1.0.0",
      "resolved": "https://registry.npmjs.org/try-catch/-/try-catch-1.0.0.tgz",
      "integrity": "sha1-N5fas5omZ3X00Npcv0Kso/A2COY="
    },
    "uglify-js": {
      "version": "3.0.27",
      "resolved": "https://registry.npmjs.org/uglify-js/-/uglify-js-3.0.27.tgz",
      "integrity": "sha512-HD8CmxPXUI62v5tweiulMcP/apAtx1DXGcNZkhKQZyC+MTrTsoCBb8yPAwVrbvpgw3EpRU76bRe6axjIiCYcQg==",
      "requires": {
        "commander": "2.11.0",
        "source-map": "0.5.6"
      }
    },
    "upper-case": {
      "version": "1.1.3",
      "resolved": "https://registry.npmjs.org/upper-case/-/upper-case-1.1.3.tgz",
      "integrity": "sha1-9rRQHC7EzdJrp4vnIilh3ndiFZg="
    },
    "writejson": {
      "version": "1.1.1",
      "resolved": "https://registry.npmjs.org/writejson/-/writejson-1.1.1.tgz",
      "integrity": "sha1-KnJB5QqBBsO2wQqutW1a4KYJMKo=",
      "requires": {
        "try-catch": "1.0.0"
      }
    },
    "xml-char-classes": {
      "version": "1.0.0",
      "resolved": "https://registry.npmjs.org/xml-char-classes/-/xml-char-classes-1.0.0.tgz",
      "integrity": "sha1-ZGV4SKIP/F31g6Qq2KJ3tFErvE0="
    }
  }
}
